PODS:
  - Flutter (1.0.0)
  - wearableCommunicator (0.0.1):
    - Flutter

DEPENDENCIES:
  - Flutter (from `Flutter`)
  - wearableCommunicator (from `.symlinks/plugins/wearableCommunicator/ios`)

EXTERNAL SOURCES:
  Flutter:
    :path: Flutter
  wearableCommunicator:
    :path: ".symlinks/plugins/wearableCommunicator/ios"

SPEC CHECKSUMS:
  Flutter: 0e3d915762c693b495b44d77113d4970485de6ec
  wearableCommunicator: 3d1374915458f7a506460bfdd5067c2cf29b1998

PODFILE CHECKSUM: aafe91acc616949ddb318b77800a7f51bffa2a4c

COCOAPODS: 1.9.1
